// !$*UTF8*$!
{
	archiveVersion = 1;
	classes = {
	};
	objectVersion = 56;
	objects = {

/* Begin PBXBuildFile section */
		830E58D12957335A009AD9D6 /* RMCharacterCollectionViewCell.swift in Sources */ = {isa = PBXBuildFile; fileRef = 830E58D02957335A009AD9D6 /* RMCharacterCollectionViewCell.swift */; };
		830E58D329573405009AD9D6 /* RMCharacterCollectionViewCellViewModel.swift in Sources */ = {isa = PBXBuildFile; fileRef = 830E58D229573405009AD9D6 /* RMCharacterCollectionViewCellViewModel.swift */; };
		830E58D629575ED0009AD9D6 /* RMCharacterDetailViewController.swift in Sources */ = {isa = PBXBuildFile; fileRef = 830E58D529575ED0009AD9D6 /* RMCharacterDetailViewController.swift */; };
		830E58D829575F1C009AD9D6 /* RMCharacterDetailView.swift in Sources */ = {isa = PBXBuildFile; fileRef = 830E58D729575F1C009AD9D6 /* RMCharacterDetailView.swift */; };
		830E58DA29575F2C009AD9D6 /* RMCharacterDetailViewViewModel.swift in Sources */ = {isa = PBXBuildFile; fileRef = 830E58D929575F2C009AD9D6 /* RMCharacterDetailViewViewModel.swift */; };
		830E58DC29576264009AD9D6 /* RMFooterLoadingCollectionReusableView.swift in Sources */ = {isa = PBXBuildFile; fileRef = 830E58DB29576264009AD9D6 /* RMFooterLoadingCollectionReusableView.swift */; };
		830E58DE2957807F009AD9D6 /* RMImageLoader.swift in Sources */ = {isa = PBXBuildFile; fileRef = 830E58DD2957807F009AD9D6 /* RMImageLoader.swift */; };
		8322843A295603E100DF8945 /* RMService.swift in Sources */ = {isa = PBXBuildFile; fileRef = 83228439295603E100DF8945 /* RMService.swift */; };
		8322843C295603F400DF8945 /* RMRequest.swift in Sources */ = {isa = PBXBuildFile; fileRef = 8322843B295603F400DF8945 /* RMRequest.swift */; };
		8322843E2956046C00DF8945 /* RMEndpoint.swift in Sources */ = {isa = PBXBuildFile; fileRef = 8322843D2956046C00DF8945 /* RMEndpoint.swift */; };
		832284402956342B00DF8945 /* RMOrigin.swift in Sources */ = {isa = PBXBuildFile; fileRef = 8322843F2956342B00DF8945 /* RMOrigin.swift */; };
		832284422956347500DF8945 /* RMSingleLocation.swift in Sources */ = {isa = PBXBuildFile; fileRef = 832284412956347500DF8945 /* RMSingleLocation.swift */; };
		832284442956352300DF8945 /* RMCharacterStatus.swift in Sources */ = {isa = PBXBuildFile; fileRef = 832284432956352300DF8945 /* RMCharacterStatus.swift */; };
		832284462956354B00DF8945 /* RMCharacterGender.swift in Sources */ = {isa = PBXBuildFile; fileRef = 832284452956354B00DF8945 /* RMCharacterGender.swift */; };
		8322844A2956520B00DF8945 /* RMGetAllCharactersResponse.swift in Sources */ = {isa = PBXBuildFile; fileRef = 832284492956520B00DF8945 /* RMGetAllCharactersResponse.swift */; };
		8322844C29565CC800DF8945 /* RMCharacterListViewViewModel.swift in Sources */ = {isa = PBXBuildFile; fileRef = 8322844B29565CC800DF8945 /* RMCharacterListViewViewModel.swift */; };
		8322844E29565D1100DF8945 /* RMCharacterListView.swift in Sources */ = {isa = PBXBuildFile; fileRef = 8322844D29565D1100DF8945 /* RMCharacterListView.swift */; };
		8322845029565EFD00DF8945 /* Extensions.swift in Sources */ = {isa = PBXBuildFile; fileRef = 8322844F29565EFD00DF8945 /* Extensions.swift */; };
		83D9ACF52954BD61001E1C72 /* AppDelegate.swift in Sources */ = {isa = PBXBuildFile; fileRef = 83D9ACF42954BD61001E1C72 /* AppDelegate.swift */; };
		83D9ACF72954BD61001E1C72 /* SceneDelegate.swift in Sources */ = {isa = PBXBuildFile; fileRef = 83D9ACF62954BD61001E1C72 /* SceneDelegate.swift */; };
		83D9ACF92954BD61001E1C72 /* RMTabViewController.swift in Sources */ = {isa = PBXBuildFile; fileRef = 83D9ACF82954BD61001E1C72 /* RMTabViewController.swift */; };
		83D9ACFE2954BD61001E1C72 /* Assets.xcassets in Resources */ = {isa = PBXBuildFile; fileRef = 83D9ACFD2954BD61001E1C72 /* Assets.xcassets */; };
		83D9AD012954BD61001E1C72 /* LaunchScreen.storyboard in Resources */ = {isa = PBXBuildFile; fileRef = 83D9ACFF2954BD61001E1C72 /* LaunchScreen.storyboard */; };
		83D9AD102954BEF6001E1C72 /* RMLocation.swift in Sources */ = {isa = PBXBuildFile; fileRef = 83D9AD0F2954BEF6001E1C72 /* RMLocation.swift */; };
		83D9AD122954BEFE001E1C72 /* RMCharacter.swift in Sources */ = {isa = PBXBuildFile; fileRef = 83D9AD112954BEFE001E1C72 /* RMCharacter.swift */; };
		83D9AD142954BF05001E1C72 /* RMEpisode.swift in Sources */ = {isa = PBXBuildFile; fileRef = 83D9AD132954BF05001E1C72 /* RMEpisode.swift */; };
		83D9AD172954BF68001E1C72 /* RMCharacterViewController.swift in Sources */ = {isa = PBXBuildFile; fileRef = 83D9AD162954BF68001E1C72 /* RMCharacterViewController.swift */; };
		83D9AD192954BF71001E1C72 /* RMLocationViewController.swift in Sources */ = {isa = PBXBuildFile; fileRef = 83D9AD182954BF71001E1C72 /* RMLocationViewController.swift */; };
		83D9AD1B2954BF79001E1C72 /* RMEpisodeViewController.swift in Sources */ = {isa = PBXBuildFile; fileRef = 83D9AD1A2954BF79001E1C72 /* RMEpisodeViewController.swift */; };
		83D9AD1D2954BF81001E1C72 /* RMSettingsViewController.swift in Sources */ = {isa = PBXBuildFile; fileRef = 83D9AD1C2954BF81001E1C72 /* RMSettingsViewController.swift */; };
/* End PBXBuildFile section */

/* Begin PBXFileReference section */
		830E58D02957335A009AD9D6 /* RMCharacterCollectionViewCell.swift */ = {isa = PBXFileReference; lastKnownFileType = sourcecode.swift; path = RMCharacterCollectionViewCell.swift; sourceTree = "<group>"; };
		830E58D229573405009AD9D6 /* RMCharacterCollectionViewCellViewModel.swift */ = {isa = PBXFileReference; lastKnownFileType = sourcecode.swift; path = RMCharacterCollectionViewCellViewModel.swift; sourceTree = "<group>"; };
		830E58D529575ED0009AD9D6 /* RMCharacterDetailViewController.swift */ = {isa = PBXFileReference; lastKnownFileType = sourcecode.swift; path = RMCharacterDetailViewController.swift; sourceTree = "<group>"; };
		830E58D729575F1C009AD9D6 /* RMCharacterDetailView.swift */ = {isa = PBXFileReference; lastKnownFileType = sourcecode.swift; path = RMCharacterDetailView.swift; sourceTree = "<group>"; };
		830E58D929575F2C009AD9D6 /* RMCharacterDetailViewViewModel.swift */ = {isa = PBXFileReference; lastKnownFileType = sourcecode.swift; path = RMCharacterDetailViewViewModel.swift; sourceTree = "<group>"; };
		830E58DB29576264009AD9D6 /* RMFooterLoadingCollectionReusableView.swift */ = {isa = PBXFileReference; lastKnownFileType = sourcecode.swift; path = RMFooterLoadingCollectionReusableView.swift; sourceTree = "<group>"; };
		830E58DD2957807F009AD9D6 /* RMImageLoader.swift */ = {isa = PBXFileReference; lastKnownFileType = sourcecode.swift; path = RMImageLoader.swift; sourceTree = "<group>"; };
		83228439295603E100DF8945 /* RMService.swift */ = {isa = PBXFileReference; lastKnownFileType = sourcecode.swift; path = RMService.swift; sourceTree = "<group>"; };
		8322843B295603F400DF8945 /* RMRequest.swift */ = {isa = PBXFileReference; lastKnownFileType = sourcecode.swift; path = RMRequest.swift; sourceTree = "<group>"; };
		8322843D2956046C00DF8945 /* RMEndpoint.swift */ = {isa = PBXFileReference; lastKnownFileType = sourcecode.swift; path = RMEndpoint.swift; sourceTree = "<group>"; };
		8322843F2956342B00DF8945 /* RMOrigin.swift */ = {isa = PBXFileReference; lastKnownFileType = sourcecode.swift; path = RMOrigin.swift; sourceTree = "<group>"; };
		832284412956347500DF8945 /* RMSingleLocation.swift */ = {isa = PBXFileReference; lastKnownFileType = sourcecode.swift; path = RMSingleLocation.swift; sourceTree = "<group>"; };
		832284432956352300DF8945 /* RMCharacterStatus.swift */ = {isa = PBXFileReference; lastKnownFileType = sourcecode.swift; path = RMCharacterStatus.swift; sourceTree = "<group>"; };
		832284452956354B00DF8945 /* RMCharacterGender.swift */ = {isa = PBXFileReference; lastKnownFileType = sourcecode.swift; path = RMCharacterGender.swift; sourceTree = "<group>"; };
		832284492956520B00DF8945 /* RMGetAllCharactersResponse.swift */ = {isa = PBXFileReference; lastKnownFileType = sourcecode.swift; path = RMGetAllCharactersResponse.swift; sourceTree = "<group>"; };
		8322844B29565CC800DF8945 /* RMCharacterListViewViewModel.swift */ = {isa = PBXFileReference; lastKnownFileType = sourcecode.swift; path = RMCharacterListViewViewModel.swift; sourceTree = "<group>"; };
		8322844D29565D1100DF8945 /* RMCharacterListView.swift */ = {isa = PBXFileReference; lastKnownFileType = sourcecode.swift; path = RMCharacterListView.swift; sourceTree = "<group>"; };
		8322844F29565EFD00DF8945 /* Extensions.swift */ = {isa = PBXFileReference; lastKnownFileType = sourcecode.swift; path = Extensions.swift; sourceTree = "<group>"; };
		83D9ACF12954BD61001E1C72 /* RickAndMorty.app */ = {isa = PBXFileReference; explicitFileType = wrapper.application; includeInIndex = 0; path = RickAndMorty.app; sourceTree = BUILT_PRODUCTS_DIR; };
		83D9ACF42954BD61001E1C72 /* AppDelegate.swift */ = {isa = PBXFileReference; lastKnownFileType = sourcecode.swift; path = AppDelegate.swift; sourceTree = "<group>"; };
		83D9ACF62954BD61001E1C72 /* SceneDelegate.swift */ = {isa = PBXFileReference; lastKnownFileType = sourcecode.swift; path = SceneDelegate.swift; sourceTree = "<group>"; };
		83D9ACF82954BD61001E1C72 /* RMTabViewController.swift */ = {isa = PBXFileReference; lastKnownFileType = sourcecode.swift; path = RMTabViewController.swift; sourceTree = "<group>"; };
		83D9ACFD2954BD61001E1C72 /* Assets.xcassets */ = {isa = PBXFileReference; lastKnownFileType = folder.assetcatalog; path = Assets.xcassets; sourceTree = "<group>"; };
		83D9AD002954BD61001E1C72 /* Base */ = {isa = PBXFileReference; lastKnownFileType = file.storyboard; name = Base; path = Base.lproj/LaunchScreen.storyboard; sourceTree = "<group>"; };
		83D9AD022954BD61001E1C72 /* Info.plist */ = {isa = PBXFileReference; lastKnownFileType = text.plist.xml; path = Info.plist; sourceTree = "<group>"; };
		83D9AD0F2954BEF6001E1C72 /* RMLocation.swift */ = {isa = PBXFileReference; lastKnownFileType = sourcecode.swift; path = RMLocation.swift; sourceTree = "<group>"; };
		83D9AD112954BEFE001E1C72 /* RMCharacter.swift */ = {isa = PBXFileReference; lastKnownFileType = sourcecode.swift; path = RMCharacter.swift; sourceTree = "<group>"; };
		83D9AD132954BF05001E1C72 /* RMEpisode.swift */ = {isa = PBXFileReference; lastKnownFileType = sourcecode.swift; path = RMEpisode.swift; sourceTree = "<group>"; };
		83D9AD162954BF68001E1C72 /* RMCharacterViewController.swift */ = {isa = PBXFileReference; lastKnownFileType = sourcecode.swift; path = RMCharacterViewController.swift; sourceTree = "<group>"; };
		83D9AD182954BF71001E1C72 /* RMLocationViewController.swift */ = {isa = PBXFileReference; lastKnownFileType = sourcecode.swift; path = RMLocationViewController.swift; sourceTree = "<group>"; };
		83D9AD1A2954BF79001E1C72 /* RMEpisodeViewController.swift */ = {isa = PBXFileReference; lastKnownFileType = sourcecode.swift; path = RMEpisodeViewController.swift; sourceTree = "<group>"; };
		83D9AD1C2954BF81001E1C72 /* RMSettingsViewController.swift */ = {isa = PBXFileReference; lastKnownFileType = sourcecode.swift; path = RMSettingsViewController.swift; sourceTree = "<group>"; };
/* End PBXFileReference section */

/* Begin PBXFrameworksBuildPhase section */
		83D9ACEE2954BD61001E1C72 /* Frameworks */ = {
			isa = PBXFrameworksBuildPhase;
			buildActionMask = 2147483647;
			files = (
			);
			runOnlyForDeploymentPostprocessing = 0;
		};
/* End PBXFrameworksBuildPhase section */

/* Begin PBXGroup section */
		830E58D429575EBB009AD9D6 /* Other */ = {
			isa = PBXGroup;
			children = (
				830E58D529575ED0009AD9D6 /* RMCharacterDetailViewController.swift */,
			);
			path = Other;
			sourceTree = "<group>";
		};
		83228447295651E400DF8945 /* DataTypes */ = {
			isa = PBXGroup;
			children = (
				83D9AD0F2954BEF6001E1C72 /* RMLocation.swift */,
				83D9AD112954BEFE001E1C72 /* RMCharacter.swift */,
				83D9AD132954BF05001E1C72 /* RMEpisode.swift */,
				8322843F2956342B00DF8945 /* RMOrigin.swift */,
				832284412956347500DF8945 /* RMSingleLocation.swift */,
				832284432956352300DF8945 /* RMCharacterStatus.swift */,
				832284452956354B00DF8945 /* RMCharacterGender.swift */,
			);
			path = DataTypes;
			sourceTree = "<group>";
		};
		83228448295651EE00DF8945 /* APIResponseTypes */ = {
			isa = PBXGroup;
			children = (
				832284492956520B00DF8945 /* RMGetAllCharactersResponse.swift */,
			);
			path = APIResponseTypes;
			sourceTree = "<group>";
		};
		83D9ACE82954BD60001E1C72 = {
			isa = PBXGroup;
			children = (
				83D9ACF32954BD61001E1C72 /* RickAndMorty */,
				83D9ACF22954BD61001E1C72 /* Products */,
			);
			sourceTree = "<group>";
		};
		83D9ACF22954BD61001E1C72 /* Products */ = {
			isa = PBXGroup;
			children = (
				83D9ACF12954BD61001E1C72 /* RickAndMorty.app */,
			);
			name = Products;
			sourceTree = "<group>";
		};
		83D9ACF32954BD61001E1C72 /* RickAndMorty */ = {
			isa = PBXGroup;
			children = (
				83D9AD0E2954BE8B001E1C72 /* Resources */,
				83D9AD0D2954BE85001E1C72 /* Managers */,
				83D9AD0C2954BE78001E1C72 /* APIClient */,
				83D9AD0B2954BE6B001E1C72 /* ViewModels */,
				83D9AD0A2954BE65001E1C72 /* Views */,
				83D9AD092954BE61001E1C72 /* Models */,
				83D9AD082954BE58001E1C72 /* Controllers */,
				83D9AD022954BD61001E1C72 /* Info.plist */,
			);
			path = RickAndMorty;
			sourceTree = "<group>";
		};
		83D9AD082954BE58001E1C72 /* Controllers */ = {
			isa = PBXGroup;
			children = (
				830E58D429575EBB009AD9D6 /* Other */,
				83D9AD152954BF49001E1C72 /* Core */,
			);
			path = Controllers;
			sourceTree = "<group>";
		};
		83D9AD092954BE61001E1C72 /* Models */ = {
			isa = PBXGroup;
			children = (
				83228448295651EE00DF8945 /* APIResponseTypes */,
				83228447295651E400DF8945 /* DataTypes */,
			);
			path = Models;
			sourceTree = "<group>";
		};
		83D9AD0A2954BE65001E1C72 /* Views */ = {
			isa = PBXGroup;
			children = (
				8322844D29565D1100DF8945 /* RMCharacterListView.swift */,
				830E58D02957335A009AD9D6 /* RMCharacterCollectionViewCell.swift */,
				830E58D729575F1C009AD9D6 /* RMCharacterDetailView.swift */,
				830E58DB29576264009AD9D6 /* RMFooterLoadingCollectionReusableView.swift */,
			);
			path = Views;
			sourceTree = "<group>";
		};
		83D9AD0B2954BE6B001E1C72 /* ViewModels */ = {
			isa = PBXGroup;
			children = (
				8322844B29565CC800DF8945 /* RMCharacterListViewViewModel.swift */,
				830E58D229573405009AD9D6 /* RMCharacterCollectionViewCellViewModel.swift */,
				830E58D929575F2C009AD9D6 /* RMCharacterDetailViewViewModel.swift */,
			);
			path = ViewModels;
			sourceTree = "<group>";
		};
		83D9AD0C2954BE78001E1C72 /* APIClient */ = {
			isa = PBXGroup;
			children = (
				83228439295603E100DF8945 /* RMService.swift */,
				8322843B295603F400DF8945 /* RMRequest.swift */,
				8322843D2956046C00DF8945 /* RMEndpoint.swift */,
			);
			path = APIClient;
			sourceTree = "<group>";
		};
		83D9AD0D2954BE85001E1C72 /* Managers */ = {
			isa = PBXGroup;
			children = (
				830E58DD2957807F009AD9D6 /* RMImageLoader.swift */,
			);
			path = Managers;
			sourceTree = "<group>";
		};
		83D9AD0E2954BE8B001E1C72 /* Resources */ = {
			isa = PBXGroup;
			children = (
				83D9ACFD2954BD61001E1C72 /* Assets.xcassets */,
				83D9ACFF2954BD61001E1C72 /* LaunchScreen.storyboard */,
				83D9ACF42954BD61001E1C72 /* AppDelegate.swift */,
				83D9ACF62954BD61001E1C72 /* SceneDelegate.swift */,
				8322844F29565EFD00DF8945 /* Extensions.swift */,
			);
			path = Resources;
			sourceTree = "<group>";
		};
		83D9AD152954BF49001E1C72 /* Core */ = {
			isa = PBXGroup;
			children = (
				83D9ACF82954BD61001E1C72 /* RMTabViewController.swift */,
				83D9AD162954BF68001E1C72 /* RMCharacterViewController.swift */,
				83D9AD182954BF71001E1C72 /* RMLocationViewController.swift */,
				83D9AD1A2954BF79001E1C72 /* RMEpisodeViewController.swift */,
				83D9AD1C2954BF81001E1C72 /* RMSettingsViewController.swift */,
			);
			path = Core;
			sourceTree = "<group>";
		};
/* End PBXGroup section */

/* Begin PBXNativeTarget section */
		83D9ACF02954BD61001E1C72 /* RickAndMorty */ = {
			isa = PBXNativeTarget;
			buildConfigurationList = 83D9AD052954BD61001E1C72 /* Build configuration list for PBXNativeTarget "RickAndMorty" */;
			buildPhases = (
				83D9ACED2954BD61001E1C72 /* Sources */,
				83D9ACEE2954BD61001E1C72 /* Frameworks */,
				83D9ACEF2954BD61001E1C72 /* Resources */,
			);
			buildRules = (
			);
			dependencies = (
			);
			name = RickAndMorty;
			productName = RickAndMorty;
			productReference = 83D9ACF12954BD61001E1C72 /* RickAndMorty.app */;
			productType = "com.apple.product-type.application";
		};
/* End PBXNativeTarget section */

/* Begin PBXProject section */
		83D9ACE92954BD60001E1C72 /* Project object */ = {
			isa = PBXProject;
			attributes = {
				BuildIndependentTargetsInParallel = 1;
				LastSwiftUpdateCheck = 1420;
				LastUpgradeCheck = 1420;
				TargetAttributes = {
					83D9ACF02954BD61001E1C72 = {
						CreatedOnToolsVersion = 14.2;
					};
				};
			};
			buildConfigurationList = 83D9ACEC2954BD60001E1C72 /* Build configuration list for PBXProject "RickAndMorty" */;
			compatibilityVersion = "Xcode 14.0";
			developmentRegion = en;
			hasScannedForEncodings = 0;
			knownRegions = (
				en,
				Base,
			);
			mainGroup = 83D9ACE82954BD60001E1C72;
			productRefGroup = 83D9ACF22954BD61001E1C72 /* Products */;
			projectDirPath = "";
			projectRoot = "";
			targets = (
				83D9ACF02954BD61001E1C72 /* RickAndMorty */,
			);
		};
/* End PBXProject section */

/* Begin PBXResourcesBuildPhase section */
		83D9ACEF2954BD61001E1C72 /* Resources */ = {
			isa = PBXResourcesBuildPhase;
			buildActionMask = 2147483647;
			files = (
				83D9AD012954BD61001E1C72 /* LaunchScreen.storyboard in Resources */,
				83D9ACFE2954BD61001E1C72 /* Assets.xcassets in Resources */,
			);
			runOnlyForDeploymentPostprocessing = 0;
		};
/* End PBXResourcesBuildPhase section */

/* Begin PBXSourcesBuildPhase section */
		83D9ACED2954BD61001E1C72 /* Sources */ = {
			isa = PBXSourcesBuildPhase;
			buildActionMask = 2147483647;
			files = (
				832284402956342B00DF8945 /* RMOrigin.swift in Sources */,
				830E58DA29575F2C009AD9D6 /* RMCharacterDetailViewViewModel.swift in Sources */,
				832284422956347500DF8945 /* RMSingleLocation.swift in Sources */,
				8322844E29565D1100DF8945 /* RMCharacterListView.swift in Sources */,
				8322844A2956520B00DF8945 /* RMGetAllCharactersResponse.swift in Sources */,
				832284442956352300DF8945 /* RMCharacterStatus.swift in Sources */,
				832284462956354B00DF8945 /* RMCharacterGender.swift in Sources */,
				830E58D629575ED0009AD9D6 /* RMCharacterDetailViewController.swift in Sources */,
				830E58DC29576264009AD9D6 /* RMFooterLoadingCollectionReusableView.swift in Sources */,
				83D9AD192954BF71001E1C72 /* RMLocationViewController.swift in Sources */,
				83D9AD142954BF05001E1C72 /* RMEpisode.swift in Sources */,
				83D9ACF92954BD61001E1C72 /* RMTabViewController.swift in Sources */,
				830E58D12957335A009AD9D6 /* RMCharacterCollectionViewCell.swift in Sources */,
				83D9AD1B2954BF79001E1C72 /* RMEpisodeViewController.swift in Sources */,
				830E58DE2957807F009AD9D6 /* RMImageLoader.swift in Sources */,
				83D9ACF52954BD61001E1C72 /* AppDelegate.swift in Sources */,
				83D9ACF72954BD61001E1C72 /* SceneDelegate.swift in Sources */,
				83D9AD1D2954BF81001E1C72 /* RMSettingsViewController.swift in Sources */,
				8322845029565EFD00DF8945 /* Extensions.swift in Sources */,
				8322843A295603E100DF8945 /* RMService.swift in Sources */,
				83D9AD102954BEF6001E1C72 /* RMLocation.swift in Sources */,
				8322843E2956046C00DF8945 /* RMEndpoint.swift in Sources */,
				83D9AD122954BEFE001E1C72 /* RMCharacter.swift in Sources */,
				830E58D329573405009AD9D6 /* RMCharacterCollectionViewCellViewModel.swift in Sources */,
				8322843C295603F400DF8945 /* RMRequest.swift in Sources */,
				8322844C29565CC800DF8945 /* RMCharacterListViewViewModel.swift in Sources */,
				83D9AD172954BF68001E1C72 /* RMCharacterViewController.swift in Sources */,
				830E58D829575F1C009AD9D6 /* RMCharacterDetailView.swift in Sources */,
			);
			runOnlyForDeploymentPostprocessing = 0;
		};
/* End PBXSourcesBuildPhase section */

/* Begin PBXVariantGroup section */
		83D9ACFF2954BD61001E1C72 /* LaunchScreen.storyboard */ = {
			isa = PBXVariantGroup;
			children = (
				83D9AD002954BD61001E1C72 /* Base */,
			);
			name = LaunchScreen.storyboard;
			sourceTree = "<group>";
		};
/* End PBXVariantGroup section */

/* Begin XCBuildConfiguration section */
		83D9AD032954BD61001E1C72 /* Debug */ = {
			isa = XCBuildConfiguration;
			buildSettings = {
				ALWAYS_SEARCH_USER_PATHS = NO;
				CLANG_ANALYZER_NONNULL = YES;
				CLANG_ANALYZER_NUMBER_OBJECT_CONVERSION = YES_AGGRESSIVE;
				CLANG_CXX_LANGUAGE_STANDARD = "gnu++20";
				CLANG_ENABLE_MODULES = YES;
				CLANG_ENABLE_OBJC_ARC = YES;
				CLANG_ENABLE_OBJC_WEAK = YES;
				CLANG_WARN_BLOCK_CAPTURE_AUTORELEASING = YES;
				CLANG_WARN_BOOL_CONVERSION = YES;
				CLANG_WARN_COMMA = YES;
				CLANG_WARN_CONSTANT_CONVERSION = YES;
				CLANG_WARN_DEPRECATED_OBJC_IMPLEMENTATIONS = YES;
				CLANG_WARN_DIRECT_OBJC_ISA_USAGE = YES_ERROR;
				CLANG_WARN_DOCUMENTATION_COMMENTS = YES;
				CLANG_WARN_EMPTY_BODY = YES;
				CLANG_WARN_ENUM_CONVERSION = YES;
				CLANG_WARN_INFINITE_RECURSION = YES;
				CLANG_WARN_INT_CONVERSION = YES;
				CLANG_WARN_NON_LITERAL_NULL_CONVERSION = YES;
				CLANG_WARN_OBJC_IMPLICIT_RETAIN_SELF = YES;
				CLANG_WARN_OBJC_LITERAL_CONVERSION = YES;
				CLANG_WARN_OBJC_ROOT_CLASS = YES_ERROR;
				CLANG_WARN_QUOTED_INCLUDE_IN_FRAMEWORK_HEADER = YES;
				CLANG_WARN_RANGE_LOOP_ANALYSIS = YES;
				CLANG_WARN_STRICT_PROTOTYPES = YES;
				CLANG_WARN_SUSPICIOUS_MOVE = YES;
				CLANG_WARN_UNGUARDED_AVAILABILITY = YES_AGGRESSIVE;
				CLANG_WARN_UNREACHABLE_CODE = YES;
				CLANG_WARN__DUPLICATE_METHOD_MATCH = YES;
				COPY_PHASE_STRIP = NO;
				DEBUG_INFORMATION_FORMAT = dwarf;
				ENABLE_STRICT_OBJC_MSGSEND = YES;
				ENABLE_TESTABILITY = YES;
				GCC_C_LANGUAGE_STANDARD = gnu11;
				GCC_DYNAMIC_NO_PIC = NO;
				GCC_NO_COMMON_BLOCKS = YES;
				GCC_OPTIMIZATION_LEVEL = 0;
				GCC_PREPROCESSOR_DEFINITIONS = (
					"DEBUG=1",
					"$(inherited)",
				);
				GCC_WARN_64_TO_32_BIT_CONVERSION = YES;
				GCC_WARN_ABOUT_RETURN_TYPE = YES_ERROR;
				GCC_WARN_UNDECLARED_SELECTOR = YES;
				GCC_WARN_UNINITIALIZED_AUTOS = YES_AGGRESSIVE;
				GCC_WARN_UNUSED_FUNCTION = YES;
				GCC_WARN_UNUSED_VARIABLE = YES;
				IPHONEOS_DEPLOYMENT_TARGET = 16.2;
				MTL_ENABLE_DEBUG_INFO = INCLUDE_SOURCE;
				MTL_FAST_MATH = YES;
				ONLY_ACTIVE_ARCH = YES;
				SDKROOT = iphoneos;
				SWIFT_ACTIVE_COMPILATION_CONDITIONS = DEBUG;
				SWIFT_OPTIMIZATION_LEVEL = "-Onone";
			};
			name = Debug;
		};
		83D9AD042954BD61001E1C72 /* Release */ = {
			isa = XCBuildConfiguration;
			buildSettings = {
				ALWAYS_SEARCH_USER_PATHS = NO;
				CLANG_ANALYZER_NONNULL = YES;
				CLANG_ANALYZER_NUMBER_OBJECT_CONVERSION = YES_AGGRESSIVE;
				CLANG_CXX_LANGUAGE_STANDARD = "gnu++20";
				CLANG_ENABLE_MODULES = YES;
				CLANG_ENABLE_OBJC_ARC = YES;
				CLANG_ENABLE_OBJC_WEAK = YES;
				CLANG_WARN_BLOCK_CAPTURE_AUTORELEASING = YES;
				CLANG_WARN_BOOL_CONVERSION = YES;
				CLANG_WARN_COMMA = YES;
				CLANG_WARN_CONSTANT_CONVERSION = YES;
				CLANG_WARN_DEPRECATED_OBJC_IMPLEMENTATIONS = YES;
				CLANG_WARN_DIRECT_OBJC_ISA_USAGE = YES_ERROR;
				CLANG_WARN_DOCUMENTATION_COMMENTS = YES;
				CLANG_WARN_EMPTY_BODY = YES;
				CLANG_WARN_ENUM_CONVERSION = YES;
				CLANG_WARN_INFINITE_RECURSION = YES;
				CLANG_WARN_INT_CONVERSION = YES;
				CLANG_WARN_NON_LITERAL_NULL_CONVERSION = YES;
				CLANG_WARN_OBJC_IMPLICIT_RETAIN_SELF = YES;
				CLANG_WARN_OBJC_LITERAL_CONVERSION = YES;
				CLANG_WARN_OBJC_ROOT_CLASS = YES_ERROR;
				CLANG_WARN_QUOTED_INCLUDE_IN_FRAMEWORK_HEADER = YES;
				CLANG_WARN_RANGE_LOOP_ANALYSIS = YES;
				CLANG_WARN_STRICT_PROTOTYPES = YES;
				CLANG_WARN_SUSPICIOUS_MOVE = YES;
				CLANG_WARN_UNGUARDED_AVAILABILITY = YES_AGGRESSIVE;
				CLANG_WARN_UNREACHABLE_CODE = YES;
				CLANG_WARN__DUPLICATE_METHOD_MATCH = YES;
				COPY_PHASE_STRIP = NO;
				DEBUG_INFORMATION_FORMAT = "dwarf-with-dsym";
				ENABLE_NS_ASSERTIONS = NO;
				ENABLE_STRICT_OBJC_MSGSEND = YES;
				GCC_C_LANGUAGE_STANDARD = gnu11;
				GCC_NO_COMMON_BLOCKS = YES;
				GCC_WARN_64_TO_32_BIT_CONVERSION = YES;
				GCC_WARN_ABOUT_RETURN_TYPE = YES_ERROR;
				GCC_WARN_UNDECLARED_SELECTOR = YES;
				GCC_WARN_UNINITIALIZED_AUTOS = YES_AGGRESSIVE;
				GCC_WARN_UNUSED_FUNCTION = YES;
				GCC_WARN_UNUSED_VARIABLE = YES;
				IPHONEOS_DEPLOYMENT_TARGET = 16.2;
				MTL_ENABLE_DEBUG_INFO = NO;
				MTL_FAST_MATH = YES;
				SDKROOT = iphoneos;
				SWIFT_COMPILATION_MODE = wholemodule;
				SWIFT_OPTIMIZATION_LEVEL = "-O";
				VALIDATE_PRODUCT = YES;
			};
			name = Release;
		};
		83D9AD062954BD61001E1C72 /* Debug */ = {
			isa = XCBuildConfiguration;
			buildSettings = {
				ASSETCATALOG_COMPILER_APPICON_NAME = AppIcon;
				ASSETCATALOG_COMPILER_GLOBAL_ACCENT_COLOR_NAME = AccentColor;
				CODE_SIGN_STYLE = Automatic;
				CURRENT_PROJECT_VERSION = 1;
				DEVELOPMENT_TEAM = 3798Z36XLV;
				GENERATE_INFOPLIST_FILE = YES;
				INFOPLIST_FILE = RickAndMorty/Info.plist;
				INFOPLIST_KEY_UIApplicationSupportsIndirectInputEvents = YES;
				INFOPLIST_KEY_UILaunchStoryboardName = LaunchScreen;
				INFOPLIST_KEY_UISupportedInterfaceOrientations_iPad = "UIInterfaceOrientationPortrait UIInterfaceOrientationPortraitUpsideDown UIInterfaceOrientationLandscapeLeft UIInterfaceOrientationLandscapeRight";
				INFOPLIST_KEY_UISupportedInterfaceOrientations_iPhone = "UIInterfaceOrientationPortrait UIInterfaceOrientationLandscapeLeft UIInterfaceOrientationLandscapeRight";
				LD_RUNPATH_SEARCH_PATHS = (
					"$(inherited)",
					"@executable_path/Frameworks",
				);
				MARKETING_VERSION = 1.0;
				PRODUCT_BUNDLE_IDENTIFIER = io.iosacademy.RickAndMorty;
				PRODUCT_NAME = "$(TARGET_NAME)";
				SWIFT_EMIT_LOC_STRINGS = YES;
				SWIFT_VERSION = 5.0;
				TARGETED_DEVICE_FAMILY = "1,2";
			};
			name = Debug;
		};
		83D9AD072954BD61001E1C72 /* Release */ = {
			isa = XCBuildConfiguration;
			buildSettings = {
				ASSETCATALOG_COMPILER_APPICON_NAME = AppIcon;
				ASSETCATALOG_COMPILER_GLOBAL_ACCENT_COLOR_NAME = AccentColor;
				CODE_SIGN_STYLE = Automatic;
				CURRENT_PROJECT_VERSION = 1;
				DEVELOPMENT_TEAM = 3798Z36XLV;
				GENERATE_INFOPLIST_FILE = YES;
				INFOPLIST_FILE = RickAndMorty/Info.plist;
				INFOPLIST_KEY_UIApplicationSupportsIndirectInputEvents = YES;
				INFOPLIST_KEY_UILaunchStoryboardName = LaunchScreen;
				INFOPLIST_KEY_UISupportedInterfaceOrientations_iPad = "UIInterfaceOrientationPortrait UIInterfaceOrientationPortraitUpsideDown UIInterfaceOrientationLandscapeLeft UIInterfaceOrientationLandscapeRight";
				INFOPLIST_KEY_UISupportedInterfaceOrientations_iPhone = "UIInterfaceOrientationPortrait UIInterfaceOrientationLandscapeLeft UIInterfaceOrientationLandscapeRight";
				LD_RUNPATH_SEARCH_PATHS = (
					"$(inherited)",
					"@executable_path/Frameworks",
				);
				MARKETING_VERSION = 1.0;
				PRODUCT_BUNDLE_IDENTIFIER = io.iosacademy.RickAndMorty;
				PRODUCT_NAME = "$(TARGET_NAME)";
				SWIFT_EMIT_LOC_STRINGS = YES;
				SWIFT_VERSION = 5.0;
				TARGETED_DEVICE_FAMILY = "1,2";
			};
			name = Release;
		};
/* End XCBuildConfiguration section */

/* Begin XCConfigurationList section */
		83D9ACEC2954BD60001E1C72 /* Build configuration list for PBXProject "RickAndMorty" */ = {
			isa = XCConfigurationList;
			buildConfigurations = (
				83D9AD032954BD61001E1C72 /* Debug */,
				83D9AD042954BD61001E1C72 /* Release */,
			);
			defaultConfigurationIsVisible = 0;
			defaultConfigurationName = Release;
		};
		83D9AD052954BD61001E1C72 /* Build configuration list for PBXNativeTarget "RickAndMorty" */ = {
			isa = XCConfigurationList;
			buildConfigurations = (
				83D9AD062954BD61001E1C72 /* Debug */,
				83D9AD072954BD61001E1C72 /* Release */,
			);
			defaultConfigurationIsVisible = 0;
			defaultConfigurationName = Release;
		};
/* End XCConfigurationList section */
	};
	rootObject = 83D9ACE92954BD60001E1C72 /* Project object */;
}
